# @generated by Move, please check-in and do not edit manually.

[move]
version = 3
manifest_digest = "353AA8321B18AF868FA698A935AB6E1474731885A255244F66CA5D925A899EFB"
deps_digest = "F8BBB0CCB2491CA29A3DF03D6F92277A4F3574266507ACD77214D37ECA3F3082"
dependencies = [
  { id = "Sui", name = "Sui" },
]

[[move.package]]
id = "MoveStdlib"
source = { git = "https://github.com/MystenLabs/sui.git", rev = "framework/testnet", subdir = "crates/sui-framework/packages/move-stdlib" }

[[move.package]]
id = "Sui"
source = { git = "https://github.com/MystenLabs/sui.git", rev = "framework/testnet", subdir = "crates/sui-framework/packages/sui-framework" }

dependencies = [
  { id = "MoveStdlib", name = "MoveStdlib" },
]

[move.toolchain-version]
compiler-version = "1.44.0"
edition = "2024.beta"
flavor = "sui"

[env]

[env.devnet]
chain-id = "b782f7fa"
original-published-id = "0x3a6032ec5d38f20d17cf226fb8ef3916fef0cd51c9cd3149008572262c35cc1d"
latest-published-id = "0x3a6032ec5d38f20d17cf226fb8ef3916fef0cd51c9cd3149008572262c35cc1d"
published-version = "1"
